// !$*UTF8*$!
{
	archiveVersion = 1;
	classes = {
	};
	objectVersion = 50;
	objects = {

/* Begin PBXBuildFile section */
		C488D12822E590470042909F /* AppDelegate.swift in Sources */ = {isa = PBXBuildFile; fileRef = C488D12722E590470042909F /* AppDelegate.swift */; };
		C488D12A22E590470042909F /* ViewController.swift in Sources */ = {isa = PBXBuildFile; fileRef = C488D12922E590470042909F /* ViewController.swift */; };
		C488D12D22E590470042909F /* Main.storyboard in Resources */ = {isa = PBXBuildFile; fileRef = C488D12B22E590470042909F /* Main.storyboard */; };
		C488D12F22E590480042909F /* Assets.xcassets in Resources */ = {isa = PBXBuildFile; fileRef = C488D12E22E590480042909F /* Assets.xcassets */; };
		C488D13222E590480042909F /* LaunchScreen.storyboard in Resources */ = {isa = PBXBuildFile; fileRef = C488D13022E590480042909F /* LaunchScreen.storyboard */; };
		C488D13A22E5907E0042909F /* Webkitview.swift in Sources */ = {isa = PBXBuildFile; fileRef = C488D13922E5907E0042909F /* Webkitview.swift */; };
		C488D13C22E591D60042909F /* WebViewCell.swift in Sources */ = {isa = PBXBuildFile; fileRef = C488D13B22E591D60042909F /* WebViewCell.swift */; };
		C488D14122E5A52A0042909F /* ASWebViewNode.swift in Sources */ = {isa = PBXBuildFile; fileRef = C488D14022E5A52A0042909F /* ASWebViewNode.swift */; };
		CC928057CC990F76D20B3357 /* libPods-WKWebviewContentSizeBug.a in Frameworks */ = {isa = PBXBuildFile; fileRef = CE9D34C0B08D5855E63FD215 /* libPods-WKWebviewContentSizeBug.a */; };
/* End PBXBuildFile section */

/* Begin PBXFileReference section */
		A34C6DFC22107135A719AB49 /* Pods-WKWebviewContentSizeBug.release.xcconfig */ = {isa = PBXFileReference; includeInIndex = 1; lastKnownFileType = text.xcconfig; name = "Pods-WKWebviewContentSizeBug.release.xcconfig"; path = "Target Support Files/Pods-WKWebviewContentSizeBug/Pods-WKWebviewContentSizeBug.release.xcconfig"; sourceTree = "<group>"; };
		C488D12422E590470042909F /* WKWebviewContentSizeBug.app */ = {isa = PBXFileReference; explicitFileType = wrapper.application; includeInIndex = 0; path = WKWebviewContentSizeBug.app; sourceTree = BUILT_PRODUCTS_DIR; };
		C488D12722E590470042909F /* AppDelegate.swift */ = {isa = PBXFileReference; lastKnownFileType = sourcecode.swift; path = AppDelegate.swift; sourceTree = "<group>"; };
		C488D12922E590470042909F /* ViewController.swift */ = {isa = PBXFileReference; lastKnownFileType = sourcecode.swift; path = ViewController.swift; sourceTree = "<group>"; };
		C488D12C22E590470042909F /* Base */ = {isa = PBXFileReference; lastKnownFileType = file.storyboard; name = Base; path = Base.lproj/Main.storyboard; sourceTree = "<group>"; };
		C488D12E22E590480042909F /* Assets.xcassets */ = {isa = PBXFileReference; lastKnownFileType = folder.assetcatalog; path = Assets.xcassets; sourceTree = "<group>"; };
		C488D13122E590480042909F /* Base */ = {isa = PBXFileReference; lastKnownFileType = file.storyboard; name = Base; path = Base.lproj/LaunchScreen.storyboard; sourceTree = "<group>"; };
		C488D13322E590480042909F /* Info.plist */ = {isa = PBXFileReference; lastKnownFileType = text.plist.xml; path = Info.plist; sourceTree = "<group>"; };
		C488D13922E5907E0042909F /* Webkitview.swift */ = {isa = PBXFileReference; lastKnownFileType = sourcecode.swift; path = Webkitview.swift; sourceTree = "<group>"; };
		C488D13B22E591D60042909F /* WebViewCell.swift */ = {isa = PBXFileReference; lastKnownFileType = sourcecode.swift; path = WebViewCell.swift; sourceTree = "<group>"; };
		C488D13D22E5A49C0042909F /* WKWebviewContentSizeBug-Bridging-Header.h */ = {isa = PBXFileReference; lastKnownFileType = sourcecode.c.h; path = "WKWebviewContentSizeBug-Bridging-Header.h"; sourceTree = "<group>"; };
		C488D14022E5A52A0042909F /* ASWebViewNode.swift */ = {isa = PBXFileReference; lastKnownFileType = sourcecode.swift; path = ASWebViewNode.swift; sourceTree = "<group>"; };
		CD9F9FCC6BA733D0A0346B42 /* Pods-WKWebviewContentSizeBug.debug.xcconfig */ = {isa = PBXFileReference; includeInIndex = 1; lastKnownFileType = text.xcconfig; name = "Pods-WKWebviewContentSizeBug.debug.xcconfig"; path = "Target Support Files/Pods-WKWebviewContentSizeBug/Pods-WKWebviewContentSizeBug.debug.xcconfig"; sourceTree = "<group>"; };
		CE9D34C0B08D5855E63FD215 /* libPods-WKWebviewContentSizeBug.a */ = {isa = PBXFileReference; explicitFileType = archive.ar; includeInIndex = 0; path = "libPods-WKWebviewContentSizeBug.a"; sourceTree = BUILT_PRODUCTS_DIR; };
/* End PBXFileReference section */

/* Begin PBXFrameworksBuildPhase section */
		C488D12122E590470042909F /* Frameworks */ = {
			isa = PBXFrameworksBuildPhase;
			buildActionMask = 2147483647;
			files = (
				CC928057CC990F76D20B3357 /* libPods-WKWebviewContentSizeBug.a in Frameworks */,
			);
			runOnlyForDeploymentPostprocessing = 0;
		};
/* End PBXFrameworksBuildPhase section */

/* Begin PBXGroup section */
		8E220D7FF1DA5658BC7701E2 /* Frameworks */ = {
			isa = PBXGroup;
			children = (
				CE9D34C0B08D5855E63FD215 /* libPods-WKWebviewContentSizeBug.a */,
			);
			name = Frameworks;
			sourceTree = "<group>";
		};
		C488D11B22E590470042909F = {
			isa = PBXGroup;
			children = (
				C488D12622E590470042909F /* WKWebviewContentSizeBug */,
				C488D12522E590470042909F /* Products */,
				E3D60E58EC207F7744E31898 /* Pods */,
				8E220D7FF1DA5658BC7701E2 /* Frameworks */,
			);
			sourceTree = "<group>";
		};
		C488D12522E590470042909F /* Products */ = {
			isa = PBXGroup;
			children = (
				C488D12422E590470042909F /* WKWebviewContentSizeBug.app */,
			);
			name = Products;
			sourceTree = "<group>";
		};
		C488D12622E590470042909F /* WKWebviewContentSizeBug */ = {
			isa = PBXGroup;
			children = (
				C488D12722E590470042909F /* AppDelegate.swift */,
				C488D12922E590470042909F /* ViewController.swift */,
				C488D14022E5A52A0042909F /* ASWebViewNode.swift */,
				C488D13922E5907E0042909F /* Webkitview.swift */,
				C488D12B22E590470042909F /* Main.storyboard */,
				C488D12E22E590480042909F /* Assets.xcassets */,
				C488D13022E590480042909F /* LaunchScreen.storyboard */,
				C488D13322E590480042909F /* Info.plist */,
				C488D13D22E5A49C0042909F /* WKWebviewContentSizeBug-Bridging-Header.h */,
				C488D13B22E591D60042909F /* WebViewCell.swift */,
			);
			path = WKWebviewContentSizeBug;
			sourceTree = "<group>";
		};
		E3D60E58EC207F7744E31898 /* Pods */ = {
			isa = PBXGroup;
			children = (
				CD9F9FCC6BA733D0A0346B42 /* Pods-WKWebviewContentSizeBug.debug.xcconfig */,
				A34C6DFC22107135A719AB49 /* Pods-WKWebviewContentSizeBug.release.xcconfig */,
			);
			path = Pods;
			sourceTree = "<group>";
		};
/* End PBXGroup section */

/* Begin PBXNativeTarget section */
		C488D12322E590470042909F /* WKWebviewContentSizeBug */ = {
			isa = PBXNativeTarget;
			buildConfigurationList = C488D13622E590480042909F /* Build configuration list for PBXNativeTarget "WKWebviewContentSizeBug" */;
			buildPhases = (
				9E1FE4EC99E273A403C1D0F7 /* [CP] Check Pods Manifest.lock */,
				C488D12022E590470042909F /* Sources */,
				C488D12122E590470042909F /* Frameworks */,
				C488D12222E590470042909F /* Resources */,
			);
			buildRules = (
			);
			dependencies = (
			);
			name = WKWebviewContentSizeBug;
			productName = WKWebviewContentSizeBug;
			productReference = C488D12422E590470042909F /* WKWebviewContentSizeBug.app */;
			productType = "com.apple.product-type.application";
		};
/* End PBXNativeTarget section */

/* Begin PBXProject section */
		C488D11C22E590470042909F /* Project object */ = {
			isa = PBXProject;
			attributes = {
				LastSwiftUpdateCheck = 1020;
				LastUpgradeCheck = 1020;
				ORGANIZATIONNAME = "Vadim Vitvickiy";
				TargetAttributes = {
					C488D12322E590470042909F = {
						CreatedOnToolsVersion = 10.2.1;
						LastSwiftMigration = 1020;
					};
				};
			};
			buildConfigurationList = C488D11F22E590470042909F /* Build configuration list for PBXProject "WKWebviewContentSizeBug" */;
			compatibilityVersion = "Xcode 9.3";
			developmentRegion = en;
			hasScannedForEncodings = 0;
			knownRegions = (
				en,
				Base,
			);
			mainGroup = C488D11B22E590470042909F;
			productRefGroup = C488D12522E590470042909F /* Products */;
			projectDirPath = "";
			projectRoot = "";
			targets = (
				C488D12322E590470042909F /* WKWebviewContentSizeBug */,
			);
		};
/* End PBXProject section */

/* Begin PBXResourcesBuildPhase section */
		C488D12222E590470042909F /* Resources */ = {
			isa = PBXResourcesBuildPhase;
			buildActionMask = 2147483647;
			files = (
				C488D13222E590480042909F /* LaunchScreen.storyboard in Resources */,
				C488D12F22E590480042909F /* Assets.xcassets in Resources */,
				C488D12D22E590470042909F /* Main.storyboard in Resources */,
			);
			runOnlyForDeploymentPostprocessing = 0;
		};
/* End PBXResourcesBuildPhase section */

/* Begin PBXShellScriptBuildPhase section */
		9E1FE4EC99E273A403C1D0F7 /* [CP] Check Pods Manifest.lock */ = {
			isa = PBXShellScriptBuildPhase;
			buildActionMask = 2147483647;
			files = (
			);
			inputFileListPaths = (
			);
			inputPaths = (
				"${PODS_PODFILE_DIR_PATH}/Podfile.lock",
				"${PODS_ROOT}/Manifest.lock",
			);
			name = "[CP] Check Pods Manifest.lock";
			outputFileListPaths = (
			);
			outputPaths = (
				"$(DERIVED_FILE_DIR)/Pods-WKWebviewContentSizeBug-checkManifestLockResult.txt",
			);
			runOnlyForDeploymentPostprocessing = 0;
			shellPath = /bin/sh;
			shellScript = "diff \"${PODS_PODFILE_DIR_PATH}/Podfile.lock\" \"${PODS_ROOT}/Manifest.lock\" > /dev/null\nif [ $? != 0 ] ; then\n    # print error to STDERR\n    echo \"error: The sandbox is not in sync with the Podfile.lock. Run 'pod install' or update your CocoaPods installation.\" >&2\n    exit 1\nfi\n# This output is used by Xcode 'outputs' to avoid re-running this script phase.\necho \"SUCCESS\" > \"${SCRIPT_OUTPUT_FILE_0}\"\n";
			showEnvVarsInLog = 0;
		};
/* End PBXShellScriptBuildPhase section */

/* Begin PBXSourcesBuildPhase section */
		C488D12022E590470042909F /* Sources */ = {
			isa = PBXSourcesBuildPhase;
			buildActionMask = 2147483647;
			files = (
				C488D13A22E5907E0042909F /* Webkitview.swift in Sources */,
				C488D13C22E591D60042909F /* WebViewCell.swift in Sources */,
				C488D12A22E590470042909F /* ViewController.swift in Sources */,
				C488D14122E5A52A0042909F /* ASWebViewNode.swift in Sources */,
				C488D12822E590470042909F /* AppDelegate.swift in Sources */,
			);
			runOnlyForDeploymentPostprocessing = 0;
		};
/* End PBXSourcesBuildPhase section */

/* Begin PBXVariantGroup section */
		C488D12B22E590470042909F /* Main.storyboard */ = {
			isa = PBXVariantGroup;
			children = (
				C488D12C22E590470042909F /* Base */,
			);
			name = Main.storyboard;
			sourceTree = "<group>";
		};
		C488D13022E590480042909F /* LaunchScreen.storyboard */ = {
			isa = PBXVariantGroup;
			children = (
				C488D13122E590480042909F /* Base */,
			);
			name = LaunchScreen.storyboard;
			sourceTree = "<group>";
		};
/* End PBXVariantGroup section */

/* Begin XCBuildConfiguration section */
		C488D13422E590480042909F /* Debug */ = {
			isa = XCBuildConfiguration;
			buildSettings = {
				ALWAYS_SEARCH_USER_PATHS = NO;
				CLANG_ANALYZER_NONNULL = YES;
				CLANG_ANALYZER_NUMBER_OBJECT_CONVERSION = YES_AGGRESSIVE;
				CLANG_CXX_LANGUAGE_STANDARD = "gnu++14";
				CLANG_CXX_LIBRARY = "libc++";
				CLANG_ENABLE_MODULES = YES;
				CLANG_ENABLE_OBJC_ARC = YES;
				CLANG_ENABLE_OBJC_WEAK = YES;
				CLANG_WARN_BLOCK_CAPTURE_AUTORELEASING = YES;
				CLANG_WARN_BOOL_CONVERSION = YES;
				CLANG_WARN_COMMA = YES;
				CLANG_WARN_CONSTANT_CONVERSION = YES;
				CLANG_WARN_DEPRECATED_OBJC_IMPLEMENTATIONS = YES;
				CLANG_WARN_DIRECT_OBJC_ISA_USAGE = YES_ERROR;
				CLANG_WARN_DOCUMENTATION_COMMENTS = YES;
				CLANG_WARN_EMPTY_BODY = YES;
				CLANG_WARN_ENUM_CONVERSION = YES;
				CLANG_WARN_INFINITE_RECURSION = YES;
				CLANG_WARN_INT_CONVERSION = YES;
				CLANG_WARN_NON_LITERAL_NULL_CONVERSION = YES;
				CLANG_WARN_OBJC_IMPLICIT_RETAIN_SELF = YES;
				CLANG_WARN_OBJC_LITERAL_CONVERSION = YES;
				CLANG_WARN_OBJC_ROOT_CLASS = YES_ERROR;
				CLANG_WARN_RANGE_LOOP_ANALYSIS = YES;
				CLANG_WARN_STRICT_PROTOTYPES = YES;
				CLANG_WARN_SUSPICIOUS_MOVE = YES;
				CLANG_WARN_UNGUARDED_AVAILABILITY = YES_AGGRESSIVE;
				CLANG_WARN_UNREACHABLE_CODE = YES;
				CLANG_WARN__DUPLICATE_METHOD_MATCH = YES;
				CODE_SIGN_IDENTITY = "iPhone Developer";
				COPY_PHASE_STRIP = NO;
				DEBUG_INFORMATION_FORMAT = dwarf;
				ENABLE_STRICT_OBJC_MSGSEND = YES;
				ENABLE_TESTABILITY = YES;
				GCC_C_LANGUAGE_STANDARD = gnu11;
				GCC_DYNAMIC_NO_PIC = NO;
				GCC_NO_COMMON_BLOCKS = YES;
				GCC_OPTIMIZATION_LEVEL = 0;
				GCC_PREPROCESSOR_DEFINITIONS = (
					"DEBUG=1",
					"$(inherited)",
				);
				GCC_WARN_64_TO_32_BIT_CONVERSION = YES;
				GCC_WARN_ABOUT_RETURN_TYPE = YES_ERROR;
				GCC_WARN_UNDECLARED_SELECTOR = YES;
				GCC_WARN_UNINITIALIZED_AUTOS = YES_AGGRESSIVE;
				GCC_WARN_UNUSED_FUNCTION = YES;
				GCC_WARN_UNUSED_VARIABLE = YES;
				IPHONEOS_DEPLOYMENT_TARGET = 12.2;
				MTL_ENABLE_DEBUG_INFO = INCLUDE_SOURCE;
				MTL_FAST_MATH = YES;
				ONLY_ACTIVE_ARCH = YES;
				SDKROOT = iphoneos;
				SWIFT_ACTIVE_COMPILATION_CONDITIONS = DEBUG;
				SWIFT_OPTIMIZATION_LEVEL = "-Onone";
			};
			name = Debug;
		};
		C488D13522E590480042909F /* Release */ = {
			isa = XCBuildConfiguration;
			buildSettings = {
				ALWAYS_SEARCH_USER_PATHS = NO;
				CLANG_ANALYZER_NONNULL = YES;
				CLANG_ANALYZER_NUMBER_OBJECT_CONVERSION = YES_AGGRESSIVE;
				CLANG_CXX_LANGUAGE_STANDARD = "gnu++14";
				CLANG_CXX_LIBRARY = "libc++";
				CLANG_ENABLE_MODULES = YES;
				CLANG_ENABLE_OBJC_ARC = YES;
				CLANG_ENABLE_OBJC_WEAK = YES;
				CLANG_WARN_BLOCK_CAPTURE_AUTORELEASING = YES;
				CLANG_WARN_BOOL_CONVERSION = YES;
				CLANG_WARN_COMMA = YES;
				CLANG_WARN_CONSTANT_CONVERSION = YES;
				CLANG_WARN_DEPRECATED_OBJC_IMPLEMENTATIONS = YES;
				CLANG_WARN_DIRECT_OBJC_ISA_USAGE = YES_ERROR;
				CLANG_WARN_DOCUMENTATION_COMMENTS = YES;
				CLANG_WARN_EMPTY_BODY = YES;
				CLANG_WARN_ENUM_CONVERSION = YES;
				CLANG_WARN_INFINITE_RECURSION = YES;
				CLANG_WARN_INT_CONVERSION = YES;
				CLANG_WARN_NON_LITERAL_NULL_CONVERSION = YES;
				CLANG_WARN_OBJC_IMPLICIT_RETAIN_SELF = YES;
				CLANG_WARN_OBJC_LITERAL_CONVERSION = YES;
				CLANG_WARN_OBJC_ROOT_CLASS = YES_ERROR;
				CLANG_WARN_RANGE_LOOP_ANALYSIS = YES;
				CLANG_WARN_STRICT_PROTOTYPES = YES;
				CLANG_WARN_SUSPICIOUS_MOVE = YES;
				CLANG_WARN_UNGUARDED_AVAILABILITY = YES_AGGRESSIVE;
				CLANG_WARN_UNREACHABLE_CODE = YES;
				CLANG_WARN__DUPLICATE_METHOD_MATCH = YES;
				CODE_SIGN_IDENTITY = "iPhone Developer";
				COPY_PHASE_STRIP = NO;
				DEBUG_INFORMATION_FORMAT = "dwarf-with-dsym";
				ENABLE_NS_ASSERTIONS = NO;
				ENABLE_STRICT_OBJC_MSGSEND = YES;
				GCC_C_LANGUAGE_STANDARD = gnu11;
				GCC_NO_COMMON_BLOCKS = YES;
				GCC_WARN_64_TO_32_BIT_CONVERSION = YES;
				GCC_WARN_ABOUT_RETURN_TYPE = YES_ERROR;
				GCC_WARN_UNDECLARED_SELECTOR = YES;
				GCC_WARN_UNINITIALIZED_AUTOS = YES_AGGRESSIVE;
				GCC_WARN_UNUSED_FUNCTION = YES;
				GCC_WARN_UNUSED_VARIABLE = YES;
				IPHONEOS_DEPLOYMENT_TARGET = 12.2;
				MTL_ENABLE_DEBUG_INFO = NO;
				MTL_FAST_MATH = YES;
				SDKROOT = iphoneos;
				SWIFT_COMPILATION_MODE = wholemodule;
				SWIFT_OPTIMIZATION_LEVEL = "-O";
				VALIDATE_PRODUCT = YES;
			};
			name = Release;
		};
		C488D13722E590480042909F /* Debug */ = {
			isa = XCBuildConfiguration;
			baseConfigurationReference = CD9F9FCC6BA733D0A0346B42 /* Pods-WKWebviewContentSizeBug.debug.xcconfig */;
			buildSettings = {
				ASSETCATALOG_COMPILER_APPICON_NAME = AppIcon;
				CLANG_ENABLE_MODULES = YES;
				CODE_SIGN_STYLE = Automatic;
				DEVELOPMENT_TEAM = 3ECF2XBHJ3;
				INFOPLIST_FILE = WKWebviewContentSizeBug/Info.plist;
				IPHONEOS_DEPLOYMENT_TARGET = 10.0;
				LD_RUNPATH_SEARCH_PATHS = (
					"$(inherited)",
					"@executable_path/Frameworks",
				);
				PRODUCT_BUNDLE_IDENTIFIER = ru.naumen.WKWebviewContentSizeBug;
				PRODUCT_NAME = "$(TARGET_NAME)";
				SWIFT_OBJC_BRIDGING_HEADER = "WKWebviewContentSizeBug/WKWebviewContentSizeBug-Bridging-Header.h";
				SWIFT_OPTIMIZATION_LEVEL = "-Onone";
				SWIFT_VERSION = 5.0;
				TARGETED_DEVICE_FAMILY = "1,2";
			};
			name = Debug;
		};
		C488D13822E590480042909F /* Release */ = {
			isa = XCBuildConfiguration;
			baseConfigurationReference = A34C6DFC22107135A719AB49 /* Pods-WKWebviewContentSizeBug.release.xcconfig */;
			buildSettings = {
				ASSETCATALOG_COMPILER_APPICON_NAME = AppIcon;
				CLANG_ENABLE_MODULES = YES;
				CODE_SIGN_STYLE = Automatic;
				DEVELOPMENT_TEAM = 3ECF2XBHJ3;
				INFOPLIST_FILE = WKWebviewContentSizeBug/Info.plist;
				IPHONEOS_DEPLOYMENT_TARGET = 10.0;
				LD_RUNPATH_SEARCH_PATHS = (
					"$(inherited)",
					"@executable_path/Frameworks",
				);
				PRODUCT_BUNDLE_IDENTIFIER = ru.naumen.WKWebviewContentSizeBug;
				PRODUCT_NAME = "$(TARGET_NAME)";
				SWIFT_OBJC_BRIDGING_HEADER = "WKWebviewContentSizeBug/WKWebviewContentSizeBug-Bridging-Header.h";
				SWIFT_VERSION = 5.0;
				TARGETED_DEVICE_FAMILY = "1,2";
			};
			name = Release;
		};
/* End XCBuildConfiguration section */

/* Begin XCConfigurationList section */
		C488D11F22E590470042909F /* Build configuration list for PBXProject "WKWebviewContentSizeBug" */ = {
			isa = XCConfigurationList;
			buildConfigurations = (
				C488D13422E590480042909F /* Debug */,
				C488D13522E590480042909F /* Release */,
			);
			defaultConfigurationIsVisible = 0;
			defaultConfigurationName = Release;
		};
		C488D13622E590480042909F /* Build configuration list for PBXNativeTarget "WKWebviewContentSizeBug" */ = {
			isa = XCConfigurationList;
			buildConfigurations = (
				C488D13722E590480042909F /* Debug */,
				C488D13822E590480042909F /* Release */,
			);
			defaultConfigurationIsVisible = 0;
			defaultConfigurationName = Release;
		};
/* End XCConfigurationList section */
	};
	rootObject = C488D11C22E590470042909F /* Project object */;
}
